{
  "object": {
    "pins": [
      {
        "package": "BigInt",
        "repositoryURL": "https://github.com/attaswift/BigInt",
        "state": {
          "branch": null,
          "revision": "108801d539eb014469c758bc0d7f734690791fb4",
          "version": "4.0.0"
        }
      },
      {
        "package": "CryptoSwift",
        "repositoryURL": "https://github.com/krzyzanowskim/CryptoSwift.git",
        "state": {
          "branch": null,
          "revision": "4e31051c63cc0ddf10a25cf5318856c510cf77f4",
          "version": "1.4.0"
        }
      },
      {
        "package": "Auth",
        "repositoryURL": "https://github.com/barrault01/google-auth-library-swift.git",
        "state": {
          "branch": null,
          "revision": "077bf9b1f65311fbc6be34e8ba8b34ae0f8403b5",
          "version": "0.5.2"
        }
      },
      {
        "package": "swift-nio",
        "repositoryURL": "https://github.com/apple/swift-nio.git",
        "state": {
          "branch": null,
          "revision": "d161bf658780b209c185994528e7e24376cf7283",
          "version": "2.29.0"
        }
      }
    ]
  },
  "version": 1
}
